version = 1
revision = 3
requires-python = ">=3.12"

[[package]]
name = "et-xmlfile"
version = "2.0.0"
source = { registry = "https://pypi.org/simple" }
sdist = { url = "https://files.pythonhosted.org/packages/d3/38/af70d7ab1ae9d4da450eeec1fa3918940a5fafb9055e934af8d6eb0c2313/et_xmlfile-2.0.0.tar.gz", hash = "sha256:dab3f4764309081ce75662649be815c4c9081e88f0837825f90fd28317d4da54", size = 17234, upload-time = "2024-10-25T17:25:40.039Z" }
wheels = [
    { url = "https://files.pythonhosted.org/packages/c1/8b/5fe2cc11fee489817272089c4203e679c63b570a5aaeb18d852ae3cbba6a/et_xmlfile-2.0.0-py3-none-any.whl", hash = "sha256:7a91720bc756843502c3b7504c77b8fe44217c85c537d85037f0f536151b2caa", size = 18059, upload-time = "2024-10-25T17:25:39.051Z" },
]

[[package]]
name = "fastavro"
version = "1.12.2"
source = { registry = "https://pypi.org/simple" }
sdist = { url = "https://files.pythonhosted.org/packages/6e/5b/ccb338db71f347e3bc031d268bf6dc41e5ead63b6997b8e72af92f05e18e/fastavro-1.12.2.tar.gz", hash = "sha256:3c79502d56cf6b76210032e1c53494ddfbc73c140bccf2ef4092b3f0825323ab", size = 1030127, upload-time = "2026-04-24T14:36:01.269Z" }
wheels = [
    { url = "https://files.pythonhosted.org/packages/0e/bc/fe5731d6724d978694fbd3196bc1c0d7cab3fd0766e9551c40c39f798b52/fastavro-1.12.2-cp312-cp312-macosx_10_13_universal2.whl", hash = "sha256:0e331896e8efffc72fa03e63b87ebfc37960113127da8e0f5152d91664ffed68", size = 964331, upload-time = "2026-04-24T14:36:31.297Z" },
    { url = "https://files.pythonhosted.org/packages/98/36/50abf1145e4f1c4f418cd4b5f2ac806643d0b14e360b60e953826edf1b34/fastavro-1.12.2-cp312-cp312-manylinux2014_aarch64.manylinux_2_17_aarch64.manylinux_2_28_aarch64.whl", hash = "sha256:7f01ebaada59d74fdf6d28e5031a961a413b3752e9edb0c03866fa18480cf4c8", size = 3340170, upload-time = "2026-04-24T14:36:33.364Z" },
    { url = "https://files.pythonhosted.org/packages/fc/8c/76ef4641e6c1c1aa3e6bb3c9efb5533ffda5dd975c8b5ae54e794322d9e3/fastavro-1.12.2-cp312-cp312-manylinux2014_x86_64.manylinux_2_17_x86_64.manylinux_2_28_x86_64.whl", hash = "sha256:25ef6855935f67582740ffa6bb978e40ec51be876117a3555c36fa2488dcdf25", size = 3425061, upload-time = "2026-04-24T14:36:35.497Z" },
    { url = "https://files.pythonhosted.org/packages/31/10/379ff23425b2b470d5209cbc6736a6e5cbc34392ff17bb7355b8fd4aa0ca/fastavro-1.12.2-cp312-cp312-musllinux_1_2_aarch64.whl", hash = "sha256:84a4f76a0aece0aa72b5ed8162ba2ff8c78908b8361b5a5d92ddd161977ccb74", size = 3243618, upload-time = "2026-04-24T14:36:37.969Z" },
    { url = "https://files.pythonhosted.org/packages/88/29/4c8f9e7cd78f932f0d82823899e67a6d7f7e8f2524992db03956f9d9f5ef/fastavro-1.12.2-cp312-cp312-musllinux_1_2_x86_64.whl", hash = "sha256:81e8da77d201916f6771fc357fda8267c2a256d7aa11923d43bc5f2fc155878b", size = 3378427, upload-time = "2026-04-24T14:36:40.278Z" },
    { url = "https://files.pythonhosted.org/packages/e2/a1/eafeb302aaaea6055d4a9c11272b4aeaf713e43fe8eaf782f43a1fee2b44/fastavro-1.12.2-cp312-cp312-win_amd64.whl", hash = "sha256:1924349c74666c89417bd5cc2749f598e2f15f1d56ee81428b2317ab02c88aae", size = 441077, upload-time = "2026-04-24T14:36:41.791Z" },
    { url = "https://files.pythonhosted.org/packages/56/9d/67e831041ba8efc16265c65bd71ba92e1095bba19b91be99e102f19d9be6/fastavro-1.12.2-cp312-cp312-win_arm64.whl", hash = "sha256:4c346cf449baf3b113e997c34151ad205e7135bc429469b005b180ade7e65e28", size = 378205, upload-time = "2026-04-24T14:36:43.679Z" },
    { url = "https://files.pythonhosted.org/packages/83/39/f489a441d41cc9c0a8449fb1325d7a9c9eb57a5634e6ab19dfb0a1105324/fastavro-1.12.2-cp313-cp313-macosx_10_13_universal2.whl", hash = "sha256:57bb6b908cb2e05baab63b04c3a31be3b4545a10bfab9748b8763016b5256704", size = 958566, upload-time = "2026-04-24T14:36:45.49Z" },
    { url = "https://files.pythonhosted.org/packages/31/69/776cc025aee2d02acacb734cf690d2fbc295eaadde1b5d47caf8c77a6a2b/fastavro-1.12.2-cp313-cp313-manylinux2014_aarch64.manylinux_2_17_aarch64.manylinux_2_28_aarch64.whl", hash = "sha256:3a007f95cc682f56e6d83f1d17c29c00bf719d6fe8e003282b535af3a1ba09c0", size = 3276390, upload-time = "2026-04-24T14:36:47.875Z" },
    { url = "https://files.pythonhosted.org/packages/8c/bc/b7e15fa788f42cbe65827af2ec06c9ad91bb9f72c213110dbef61b53a5b0/fastavro-1.12.2-cp313-cp313-manylinux2014_x86_64.manylinux_2_17_x86_64.manylinux_2_28_x86_64.whl", hash = "sha256:5e90460b0cd21f62be3cb26087e706e2cebb7b3fcef9e05b4473b61bb0415b5e", size = 3372779, upload-time = "2026-04-24T14:36:50.122Z" },
    { url = "https://files.pythonhosted.org/packages/79/c2/98993ca810231fc1397212f48c3d46626983722a24bbaaa5c27ee0963751/fastavro-1.12.2-cp313-cp313-musllinux_1_2_aarch64.whl", hash = "sha256:7ccd15966b8218d41b06ec3e7c2556be89a8a693026c771e6564d2e40bbaf8ea", size = 3187591, upload-time = "2026-04-24T14:36:52.451Z" },
    { url = "https://files.pythonhosted.org/packages/c6/bb/c180f340eba6478f1b20deccdd17e2b4a4d5074dafd812e3c4254fd035f7/fastavro-1.12.2-cp313-cp313-musllinux_1_2_x86_64.whl", hash = "sha256:06b6971d3dae10cb34353b857d16ad21ebd6f0ea394e86c96abdcad109005d6e", size = 3320589, upload-time = "2026-04-24T14:36:54.647Z" },
    { url = "https://files.pythonhosted.org/packages/4d/e9/aca0456216b5b8992e7b0a8542711b66799c05bfe24c8e32ef6f56e7eb93/fastavro-1.12.2-cp313-cp313-win_amd64.whl", hash = "sha256:98dfcdfaf1498ae2f0e2fafe900a82e8320cc81d8ae5a95b8b8879eaa3298c39", size = 440883, upload-time = "2026-04-24T14:36:56.585Z" },
    { url = "https://files.pythonhosted.org/packages/e3/7e/984896e716af504927be71b80a1e9661aa96c6f9e1e777d52823aacb99f2/fastavro-1.12.2-cp313-cp313-win_arm64.whl", hash = "sha256:3888ef7a51adc77cdf07251bc762566a1be36211e1cff689f13980f3776a2f36", size = 377536, upload-time = "2026-04-24T14:36:58.274Z" },
    { url = "https://files.pythonhosted.org/packages/e9/42/09a1e1f8d9998d73848a6ff0aad6713ae6abf0dbf99918776f8ef33344a7/fastavro-1.12.2-cp313-cp313t-macosx_10_13_universal2.whl", hash = "sha256:283dcd3129b632021894425974bedd0eb6db3bbf5994e448ccad10db4d803d31", size = 1049506, upload-time = "2026-04-24T14:36:59.797Z" },
    { url = "https://files.pythonhosted.org/packages/52/ef/80cc16f43919d532f25a707f34b275cccc09dca87a05b000fbbfc8e8f255/fastavro-1.12.2-cp313-cp313t-manylinux2014_aarch64.manylinux_2_17_aarch64.manylinux_2_28_aarch64.whl", hash = "sha256:2d125e210d5a0a1f701f12c0ecad9a03f1b04b5eddbce6ca36a1fc217da977ef", size = 3495899, upload-time = "2026-04-24T14:37:02.306Z" },
    { url = "https://files.pythonhosted.org/packages/c1/54/a0817d1d0236e9e0233f5c996f450cc795b056b8e06edb531f24b9df82ed/fastavro-1.12.2-cp313-cp313t-manylinux2014_x86_64.manylinux_2_17_x86_64.manylinux_2_28_x86_64.whl", hash = "sha256:2d4d66afad78e8f47feaa307728a6b71fe3effc63ba2b9eeb109ee687c9bd397", size = 3399232, upload-time = "2026-04-24T14:37:04.837Z" },
    { url = "https://files.pythonhosted.org/packages/38/0a/650f256c15f5875b6081544b9ba7ed8254329213e7e49e3db0aec68b5bee/fastavro-1.12.2-cp313-cp313t-musllinux_1_2_aarch64.whl", hash = "sha256:2328ec07925c04c89719e3971c9068a165c7fd474ea87675b1204de0440e71ff", size = 3320222, upload-time = "2026-04-24T14:37:07.281Z" },
    { url = "https://files.pythonhosted.org/packages/f5/54/8351d388f94fbb0870e8cffaae41d3cc607acc8d6a8a6a217e2794829593/fastavro-1.12.2-cp313-cp313t-musllinux_1_2_x86_64.whl", hash = "sha256:55dea7e74b834d4b70467fc19c5b9ccb5509fe39abc4d26891187c1b22176423", size = 3337096, upload-time = "2026-04-24T14:37:09.452Z" },
    { url = "https://files.pythonhosted.org/packages/da/eb/b36ba9a88826e8c272df02e2f8b5da717e88b6eb508fddca3ca450043731/fastavro-1.12.2-cp314-cp314-macosx_10_15_universal2.whl", hash = "sha256:8d37c87826ae7195cfbd20fcd448801f2f563bb38f2691ec6574e39cb9eca6c8", size = 963119, upload-time = "2026-04-24T14:37:11.557Z" },
    { url = "https://files.pythonhosted.org/packages/e1/02/3d7f540fb26ba4ea1f4ebd2783c586614da9ac00906a3092e92fd3f104a2/fastavro-1.12.2-cp314-cp314-manylinux2014_aarch64.manylinux_2_17_aarch64.manylinux_2_28_aarch64.whl", hash = "sha256:4c463a3701f293e30d3d62e71e1989f112028d07f87432baf4507eeb57ec3831", size = 3266238, upload-time = "2026-04-24T14:37:13.84Z" },
    { url = "https://files.pythonhosted.org/packages/4c/0b/b77be56c5109da0fc7dcfd7e6b6752fe0a61d0a5c58c6a65e38b4501946a/fastavro-1.12.2-cp314-cp314-manylinux2014_x86_64.manylinux_2_17_x86_64.manylinux_2_28_x86_64.whl", hash = "sha256:f604ba83498e209fff4c7ecc5063a39421dc538dace694bc592f9f338254f3dc", size = 3324020, upload-time = "2026-04-24T14:37:16.096Z" },
    { url = "https://files.pythonhosted.org/packages/e7/6e/951d41f244107e91bf2f59245b71783c03eaab4bdbc960d58316c19652bb/fastavro-1.12.2-cp314-cp314-musllinux_1_2_aarch64.whl", hash = "sha256:bfac2dada8ddc002e8b7d8289d6fad4f070bc1fec20371cec684a7d10d932e96", size = 3170160, upload-time = "2026-04-24T14:37:18.168Z" },
    { url = "https://files.pythonhosted.org/packages/94/6f/2adb571fda448d4afd2466e1cef2963fefdc6b37847da05249983e415f17/fastavro-1.12.2-cp314-cp314-musllinux_1_2_x86_64.whl", hash = "sha256:bc44ba6289fb1f5ee318335958dde6ad6d742dcb4bb8930de843e9024c64b68c", size = 3281842, upload-time = "2026-04-24T14:37:20.833Z" },
    { url = "https://files.pythonhosted.org/packages/17/07/4bad2e96c4c6bae40253be2573cc09c1e5b9ccf821e1ff74e0d33b64bf90/fastavro-1.12.2-cp314-cp314-win_amd64.whl", hash = "sha256:a475418f71c5aed69899813ecccf392429c08c3a63df3030129db71760b0db8f", size = 450903, upload-time = "2026-04-24T14:37:23.059Z" },
    { url = "https://files.pythonhosted.org/packages/5b/b7/180f67ba9a46ba23a1ff6432f48d3087d4f2048579ecc262b00426cb1c63/fastavro-1.12.2-cp314-cp314-win_arm64.whl", hash = "sha256:daec9f9655a1d4636613c47d6d3343f6e039150d66cdce62543e20ca36612a8a", size = 391076, upload-time = "2026-04-24T14:37:24.756Z" },
    { url = "https://files.pythonhosted.org/packages/dd/8f/18f60329b627d2118a4a2b19e8741fbd807d60bf0470554e1bbfb7f1bca3/fastavro-1.12.2-cp314-cp314t-macosx_10_15_universal2.whl", hash = "sha256:57594b72cf663bbd0f3ad8a319a999fc3d7c71065a6799b2c1d1a6a137894c5b", size = 1055430, upload-time = "2026-05-09T21:53:14.364Z" },
    { url = "https://files.pythonhosted.org/packages/d2/ac/a1fa1fc29df0efc89d4946a743b09bdc9500591b5b92083eaf8e93664916/fastavro-1.12.2-cp314-cp314t-manylinux2014_aarch64.manylinux_2_17_aarch64.manylinux_2_28_aarch64.whl", hash = "sha256:74412132bbfb153cbf704517f2c89f7d3e170feb681b13bceace690f66f8d5fa", size = 3503075, upload-time = "2026-04-24T14:37:26.826Z" },
    { url = "https://files.pythonhosted.org/packages/82/bf/4f669e10b6bc38a731ee3400aed1a1e2d0a3e3cf411e72f6b320d3af0eaf/fastavro-1.12.2-cp314-cp314t-manylinux2014_x86_64.manylinux_2_17_x86_64.manylinux_2_28_x86_64.whl", hash = "sha256:e367a84c9133018e0a3bc822abe78d7f1f9a6092991a0ec409468cf4ef260282", size = 3410900, upload-time = "2026-04-24T14:37:29.233Z" },
    { url = "https://files.pythonhosted.org/packages/10/39/ecb19fdae4158a7730b5963fbf1b6d38d74678392d73083be518642af0c1/fastavro-1.12.2-cp314-cp314t-musllinux_1_2_aarch64.whl", hash = "sha256:044fafca0853e9ae14009de7763ac9e8e8f8b96f8a4e90bd58b695443266a370", size = 3335637, upload-time = "2026-04-24T14:37:31.472Z" },
    { url = "https://files.pythonhosted.org/packages/32/f1/f21bd5319113e89ceceed2df840df21e9c5150d181db74b6ba80400f9f48/fastavro-1.12.2-cp314-cp314t-musllinux_1_2_x86_64.whl", hash = "sha256:afede7324822800e4f90e96b9514188a237a60f35e8e7a10b2129c10c78f6e4d", size = 3356664, upload-time = "2026-04-24T14:37:34.231Z" },
]

[[package]]
name = "openpyxl"
version = "3.1.5"
source = { registry = "https://pypi.org/simple" }
dependencies = [
    { name = "et-xmlfile" },
]
sdist = { url = "https://files.pythonhosted.org/packages/3d/f9/88d94a75de065ea32619465d2f77b29a0469500e99012523b91cc4141cd1/openpyxl-3.1.5.tar.gz", hash = "sha256:cf0e3cf56142039133628b5acffe8ef0c12bc902d2aadd3e0fe5878dc08d1050", size = 186464, upload-time = "2024-06-28T14:03:44.161Z" }
wheels = [
    { url = "https://files.pythonhosted.org/packages/c0/da/977ded879c29cbd04de313843e76868e6e13408a94ed6b987245dc7c8506/openpyxl-3.1.5-py2.py3-none-any.whl", hash = "sha256:5282c12b107bffeef825f4617dc029afaf41d0ea60823bbb665ef3079dc79de2", size = 250910, upload-time = "2024-06-28T14:03:41.161Z" },
]

[[package]]
name = "pyarrow"
version = "24.0.0"
source = { registry = "https://pypi.org/simple" }
sdist = { url = "https://files.pythonhosted.org/packages/91/13/13e1069b351bdc3881266e11147ffccf687505dbb0ea74036237f5d454a5/pyarrow-24.0.0.tar.gz", hash = "sha256:85fe721a14dd823aca09127acbb06c3ca723efbd436c004f16bca601b04dcc83", size = 1180261, upload-time = "2026-04-21T10:51:25.837Z" }
wheels = [
    { url = "https://files.pythonhosted.org/packages/b4/a9/9686d9f07837f91f775e8932659192e02c74f9d8920524b480b85212cc68/pyarrow-24.0.0-cp312-cp312-macosx_12_0_arm64.whl", hash = "sha256:6233c9ed9ab9d1db47de57d9753256d9dcffbf42db341576099f0fd9f6bf4810", size = 34981559, upload-time = "2026-04-21T10:47:22.17Z" },
    { url = "https://files.pythonhosted.org/packages/80/b6/0ddf0e9b6ead3474ab087ae598c76b031fc45532bf6a63f3a553440fb258/pyarrow-24.0.0-cp312-cp312-macosx_12_0_x86_64.whl", hash = "sha256:f7616236ec1bc2b15bfdec22a71ab38851c86f8f05ff64f379e1278cf20c634a", size = 36663654, upload-time = "2026-04-21T10:47:28.315Z" },
    { url = "https://files.pythonhosted.org/packages/7c/3b/926382efe8ce27ba729071d3566ade6dfb86bdf112f366000196b2f5780a/pyarrow-24.0.0-cp312-cp312-manylinux_2_28_aarch64.whl", hash = "sha256:1617043b99bd33e5318ae18eb2919af09c71322ef1ca46566cdafc6e6712fb66", size = 45679394, upload-time = "2026-04-21T10:47:34.821Z" },
    { url = "https://files.pythonhosted.org/packages/b3/7a/829f7d9dfd37c207206081d6dad474d81dde29952401f07f2ba507814818/pyarrow-24.0.0-cp312-cp312-manylinux_2_28_x86_64.whl", hash = "sha256:6165461f55ef6314f026de6638d661188e3455d3ec49834556a0ebbdbace18bb", size = 48863122, upload-time = "2026-04-21T10:47:42.056Z" },
    { url = "https://files.pythonhosted.org/packages/5f/e8/f88ce625fe8babaae64e8db2d417c7653adb3019b08aae85c5ed787dc816/pyarrow-24.0.0-cp312-cp312-musllinux_1_2_aarch64.whl", hash = "sha256:3b13dedfe76a0ad2d1d859b0811b53827a4e9d93a0bcb05cf59333ab4980cc7e", size = 49376032, upload-time = "2026-04-21T10:47:48.967Z" },
    { url = "https://files.pythonhosted.org/packages/36/7a/82c363caa145fff88fb475da50d3bf52bb024f61917be5424c3392eaf878/pyarrow-24.0.0-cp312-cp312-musllinux_1_2_x86_64.whl", hash = "sha256:25ea65d868eb04015cd18e6df2fbe98f07e5bda2abefabcb88fce39a947716f6", size = 51929490, upload-time = "2026-04-21T10:47:55.981Z" },
    { url = "https://files.pythonhosted.org/packages/66/1c/e3e72c8014ad2743ca64a701652c733cc5cbcee15c0463a32a8c55518d9e/pyarrow-24.0.0-cp312-cp312-win_amd64.whl", hash = "sha256:295f0a7f2e242dabd513737cf076007dc5b2d59237e3eca37b05c0c6446f3826", size = 27355660, upload-time = "2026-04-21T10:48:01.718Z" },
    { url = "https://files.pythonhosted.org/packages/6f/d3/a1abf004482026ddc17f4503db227787fa3cfe41ec5091ff20e4fea55e57/pyarrow-24.0.0-cp313-cp313-macosx_12_0_arm64.whl", hash = "sha256:02b001b3ed4723caa44f6cd1af2d5c86aa2cf9971dacc2ffa55b21237713dfba", size = 34976759, upload-time = "2026-04-21T10:48:07.258Z" },
    { url = "https://files.pythonhosted.org/packages/4f/4a/34f0a36d28a2dd32225301b79daad44e243dc1a2bb77d43b60749be255c4/pyarrow-24.0.0-cp313-cp313-macosx_12_0_x86_64.whl", hash = "sha256:04920d6a71aabd08a0417709efce97d45ea8e6fb733d9ca9ecffb13c67839f68", size = 36658471, upload-time = "2026-04-21T10:48:13.347Z" },
    { url = "https://files.pythonhosted.org/packages/1f/78/543b94712ae8bb1a6023bcc1acf1a740fbff8286747c289cd9468fced2a5/pyarrow-24.0.0-cp313-cp313-manylinux_2_28_aarch64.whl", hash = "sha256:a964266397740257f16f7bb2e4f08a0c81454004beab8ff59dd531b73610e9f2", size = 45675981, upload-time = "2026-04-21T10:48:20.201Z" },
    { url = "https://files.pythonhosted.org/packages/84/9f/8fb7c222b100d314137fa40ec050de56cd8c6d957d1cfff685ce72f15b17/pyarrow-24.0.0-cp313-cp313-manylinux_2_28_x86_64.whl", hash = "sha256:6f066b179d68c413374294bc1735f68475457c933258df594443bb9d88ddc2a0", size = 48859172, upload-time = "2026-04-21T10:48:27.541Z" },
    { url = "https://files.pythonhosted.org/packages/a7/d3/1ea72538e6c8b3b475ed78d1049a2c518e655761ea50fe1171fc855fcab7/pyarrow-24.0.0-cp313-cp313-musllinux_1_2_aarch64.whl", hash = "sha256:1183baeb14c5f587b1ec52831e665718ce632caab84b7cd6b85fd44f96114495", size = 49385733, upload-time = "2026-04-21T10:48:34.7Z" },
    { url = "https://files.pythonhosted.org/packages/c3/be/c3d8b06a1ba35f2260f8e1f771abbee7d5e345c0937aab90675706b1690a/pyarrow-24.0.0-cp313-cp313-musllinux_1_2_x86_64.whl", hash = "sha256:806f24b4085453c197a5078218d1ee08783ebbba271badd153d1ae22a3ee804f", size = 51934335, upload-time = "2026-04-21T10:48:42.099Z" },
    { url = "https://files.pythonhosted.org/packages/9c/62/89e07a1e7329d2cde3e3c6994ba0839a24977a2beda8be6005ea3d860b99/pyarrow-24.0.0-cp313-cp313-win_amd64.whl", hash = "sha256:e4505fc6583f7b05ab854934896bcac8253b04ac1171a77dfb73efef92076d91", size = 27271748, upload-time = "2026-04-21T10:49:42.532Z" },
    { url = "https://files.pythonhosted.org/packages/17/1a/cff3a59f80b5b1658549d46611b67163f65e0664431c076ad728bf9d5af4/pyarrow-24.0.0-cp313-cp313t-macosx_12_0_arm64.whl", hash = "sha256:1a4e45017efbf115032e4475ee876d525e0e36c742214fbe405332480ecd6275", size = 35238554, upload-time = "2026-04-21T10:48:48.526Z" },
    { url = "https://files.pythonhosted.org/packages/a8/99/cce0f42a327bfef2c420fb6078a3eb834826e5d6697bf3009fe11d2ad051/pyarrow-24.0.0-cp313-cp313t-macosx_12_0_x86_64.whl", hash = "sha256:7986f1fa71cee060ad00758bcc79d3a93bab8559bf978fab9e53472a2e25a17b", size = 36782301, upload-time = "2026-04-21T10:48:55.181Z" },
    { url = "https://files.pythonhosted.org/packages/2a/66/8e560d5ff6793ca29aca213c53eec0dd482dd46cb93b2819e5aab52e4252/pyarrow-24.0.0-cp313-cp313t-manylinux_2_28_aarch64.whl", hash = "sha256:d3e0b61e8efb24ed38898e5cdc5fffa9124be480008d401a1f8071500494ae42", size = 45721929, upload-time = "2026-04-21T10:49:03.676Z" },
    { url = "https://files.pythonhosted.org/packages/27/0c/a26e25505d030716e078d9f16eb74973cbf0b33b672884e9f9da1c83b871/pyarrow-24.0.0-cp313-cp313t-manylinux_2_28_x86_64.whl", hash = "sha256:55a3bc1e3df3b5567b7d27ef551b2283f0c68a5e86f1cd56abc569da4f31335b", size = 48825365, upload-time = "2026-04-21T10:49:11.714Z" },
    { url = "https://files.pythonhosted.org/packages/5f/eb/771f9ecb0c65e73fe9dccdd1717901b9594f08c4515d000c7c62df573811/pyarrow-24.0.0-cp313-cp313t-musllinux_1_2_aarch64.whl", hash = "sha256:641f795b361874ac9da5294f8f443dfdbee355cf2bd9e3b8d97aaac2306b9b37", size = 49451819, upload-time = "2026-04-21T10:49:21.474Z" },
    { url = "https://files.pythonhosted.org/packages/48/da/61ae89a88732f5a785646f3ec6125dbb640fa98a540eb2b9889caa561403/pyarrow-24.0.0-cp313-cp313t-musllinux_1_2_x86_64.whl", hash = "sha256:8adc8e6ce5fccf5dc707046ae4914fd537def529709cc0d285d37a7f9cd442ca", size = 51909252, upload-time = "2026-04-21T10:49:31.164Z" },
    { url = "https://files.pythonhosted.org/packages/cb/1a/8dd5cafab7b66573fa91c03d06d213356ad4edd71813aa75e08ce2b3a844/pyarrow-24.0.0-cp313-cp313t-win_amd64.whl", hash = "sha256:9b18371ad2f44044b81a8d23bc2d8a9b6a6226dca775e8e16cfee640473d6c5d", size = 27388127, upload-time = "2026-04-21T10:49:37.334Z" },
    { url = "https://files.pythonhosted.org/packages/ad/80/d022a34ff05d2cbedd8ccf841fc1f532ecfa9eb5ed1711b56d0e0ea71fc9/pyarrow-24.0.0-cp314-cp314-macosx_12_0_arm64.whl", hash = "sha256:1cc9057f0319e26333b357e17f3c2c022f1a83739b48a88b25bfd5fa2dc18838", size = 35007997, upload-time = "2026-04-21T10:49:48.796Z" },
    { url = "https://files.pythonhosted.org/packages/1a/ff/f01485fda6f4e5d441afb8dd5e7681e4db18826c1e271852f5d3957d6a80/pyarrow-24.0.0-cp314-cp314-macosx_12_0_x86_64.whl", hash = "sha256:e6f1278ee4785b6db21229374a1c9e54ec7c549de5d1efc9630b6207de7e170b", size = 36678720, upload-time = "2026-04-21T10:49:55.858Z" },
    { url = "https://files.pythonhosted.org/packages/9e/c2/2d2d5fea814237923f71b36495211f20b43a1576f9a4d6da7e751a64ec6f/pyarrow-24.0.0-cp314-cp314-manylinux_2_28_aarch64.whl", hash = "sha256:adbbedc55506cbdabb830890444fb856bfb0060c46c6f8026c6c2f2cf86ae795", size = 45741852, upload-time = "2026-04-21T10:50:04.624Z" },
    { url = "https://files.pythonhosted.org/packages/8e/3a/28ba9c1c1ebdbb5f1b94dfebb46f207e52e6a554b7fe4132540fde29a3a0/pyarrow-24.0.0-cp314-cp314-manylinux_2_28_x86_64.whl", hash = "sha256:ae8a1145af31d903fa9bb166824d7abe9b4681a000b0159c9fb99c11bc11ad26", size = 48889852, upload-time = "2026-04-21T10:50:12.293Z" },
    { url = "https://files.pythonhosted.org/packages/df/51/4a389acfd31dca009f8fb82d7f510bb4130f2b3a8e18cf00194d0687d8ac/pyarrow-24.0.0-cp314-cp314-musllinux_1_2_aarch64.whl", hash = "sha256:d7027eba1df3b2069e2e8d80f644fa0918b68c46432af3d088ddd390d063ecde", size = 49445207, upload-time = "2026-04-21T10:50:20.677Z" },
    { url = "https://files.pythonhosted.org/packages/19/4b/0bab2b23d2ae901b1b9a03c0efd4b2d070256f8ce3fc43f6e58c167b2081/pyarrow-24.0.0-cp314-cp314-musllinux_1_2_x86_64.whl", hash = "sha256:e56a1ffe9bf7b727432b89104cc0849c21582949dd7bdcb34f17b2001a351a76", size = 51954117, upload-time = "2026-04-21T10:50:29.14Z" },
    { url = "https://files.pythonhosted.org/packages/29/88/f4e9145da0417b3d2c12035a8492b35ff4a3dbc653e614fcfb51d9dedb38/pyarrow-24.0.0-cp314-cp314-win_amd64.whl", hash = "sha256:38be1808cdd068605b787e6ca9119b27eb275a0234e50212c3492331680c3b1e", size = 28001155, upload-time = "2026-04-21T10:51:22.337Z" },
    { url = "https://files.pythonhosted.org/packages/79/4f/46a49a63f43526da895b1a45bbb51d5baf8e4d77159f8528fc3e5490007f/pyarrow-24.0.0-cp314-cp314t-macosx_12_0_arm64.whl", hash = "sha256:418e48ce50a45a6a6c73c454677203a9c75c966cb1e92ca3370959185f197a05", size = 35250387, upload-time = "2026-04-21T10:50:35.552Z" },
    { url = "https://files.pythonhosted.org/packages/a0/da/d5e0cd5ef00796922404806d5f00325cdadc3441ce2c13fe7115f2df9a64/pyarrow-24.0.0-cp314-cp314t-macosx_12_0_x86_64.whl", hash = "sha256:2f16197705a230a78270cdd4ea8a1d57e86b2fdcbc34a1f6aebc72e65c986f9a", size = 36797102, upload-time = "2026-04-21T10:50:42.417Z" },
    { url = "https://files.pythonhosted.org/packages/34/c7/5904145b0a593a05236c882933d439b5720f0a145381179063722fbfc123/pyarrow-24.0.0-cp314-cp314t-manylinux_2_28_aarch64.whl", hash = "sha256:fb24ac194bfc5e86839d7dcd52092ee31e5fe6733fe11f5e3b06ef0812b20072", size = 45745118, upload-time = "2026-04-21T10:50:49.324Z" },
    { url = "https://files.pythonhosted.org/packages/13/d3/cca42fe166d1c6e4d5b80e530b7949104d10e17508a90ae202dac205ce2a/pyarrow-24.0.0-cp314-cp314t-manylinux_2_28_x86_64.whl", hash = "sha256:9700ebd9a51f5895ce75ff4ac4b3c47a7d4b42bc618be8e713e5d56bacf5f931", size = 48844765, upload-time = "2026-04-21T10:50:55.579Z" },
    { url = "https://files.pythonhosted.org/packages/b0/49/942c3b79878ba928324d1e17c274ed84581db8c0a749b24bcf4cbdf15bd3/pyarrow-24.0.0-cp314-cp314t-musllinux_1_2_aarch64.whl", hash = "sha256:d8ddd2768da81d3ee08cfea9b597f4abb4e8e1dc8ae7e204b608d23a0d3ab699", size = 49471890, upload-time = "2026-04-21T10:51:02.439Z" },
    { url = "https://files.pythonhosted.org/packages/76/97/ff71431000a75d84135a1ace5ca4ba11726a231a8007bbb320a4c54075d5/pyarrow-24.0.0-cp314-cp314t-musllinux_1_2_x86_64.whl", hash = "sha256:61a3d7eaa97a14768b542f3d284dc6400dd2470d9f080708b13cd46b6ae18136", size = 51932250, upload-time = "2026-04-21T10:51:10.576Z" },
    { url = "https://files.pythonhosted.org/packages/51/be/6f79d55816d5c22557cf27533543d5d70dfe692adfbee4b99f2760674f38/pyarrow-24.0.0-cp314-cp314t-win_amd64.whl", hash = "sha256:c91d00057f23b8d353039520dc3a6c09d8608164c692e9f59a175a42b2ae0c19", size = 28131282, upload-time = "2026-04-21T10:51:16.815Z" },
]

[[package]]
name = "test-data"
version = "0.1.0"
source = { virtual = "." }
dependencies = [
    { name = "fastavro" },
    { name = "openpyxl" },
    { name = "pyarrow" },
]

[package.metadata]
requires-dist = [
    { name = "fastavro", specifier = ">=1" },
    { name = "openpyxl", specifier = ">=3" },
    { name = "pyarrow", specifier = ">=14" },
]
